
Microsoft Visual Studio Solution File, Format Version 12.00
# Visual Studio Version 16
VisualStudioVersion = 16.0.31727.386
MinimumVisualStudioVersion = 10.0.40219.1
Project("{FAE04EC0-301F-11D3-BF4B-00C04F79EFBC}") = "Casino", "Casino\Casino.csproj", "{8A5CEDF9-08B6-4822-9010-5923064A93A0}"
EndProject
Global
	GlobalSection(SolutionConfigurationPlatforms) = preSolution
		Debug|Any CPU = Debug|Any CPU
		Release|Any CPU = Release|Any CPU
	EndGlobalSection
	GlobalSection(ProjectConfigurationPlatforms) = postSolution
		{8A5CEDF9-08B6-4822-9010-5923064A93A0}.Debug|Any CPU.ActiveCfg = Debug|Any CPU
		{8A5CEDF9-08B6-4822-9010-5923064A93A0}.Debug|Any CPU.Build.0 = Debug|Any CPU
		{8A5CEDF9-08B6-4822-9010-5923064A93A0}.Release|Any CPU.ActiveCfg = Release|Any CPU
		{8A5CEDF9-08B6-4822-9010-5923064A93A0}.Release|Any CPU.Build.0 = Release|Any CPU
	EndGlobalSection
	GlobalSection(SolutionProperties) = preSolution
		HideSolutionNode = FALSE
	EndGlobalSection
	GlobalSection(ExtensibilityGlobals) = postSolution
		SolutionGuid = {2839E837-D536-43DC-B9B0-BDC12775C6C6}
	EndGlobalSection
EndGlobal
